// !$*UTF8*$!
{
	archiveVersion = 1;
	classes = {
	};
	objectVersion = 46;
	objects = {

/* Begin PBXBuildFile section */
		188DFDDA1954EDD700DFE009 /* AppDelegate.swift in Sources */ = {isa = PBXBuildFile; fileRef = 188DFDD91954EDD700DFE009 /* AppDelegate.swift */; };
		188DFDDC1954EDD700DFE009 /* ViewController.swift in Sources */ = {isa = PBXBuildFile; fileRef = 188DFDDB1954EDD700DFE009 /* ViewController.swift */; };
		188DFDDF1954EDD700DFE009 /* Main.storyboard in Resources */ = {isa = PBXBuildFile; fileRef = 188DFDDD1954EDD700DFE009 /* Main.storyboard */; };
		188DFDE11954EDD700DFE009 /* Images.xcassets in Resources */ = {isa = PBXBuildFile; fileRef = 188DFDE01954EDD700DFE009 /* Images.xcassets */; };
		188DFDED1954EDD700DFE009 /* TitQuadCalc2Tests.swift in Sources */ = {isa = PBXBuildFile; fileRef = 188DFDEC1954EDD700DFE009 /* TitQuadCalc2Tests.swift */; };
/* End PBXBuildFile section */

/* Begin PBXContainerItemProxy section */
		188DFDE71954EDD700DFE009 /* PBXContainerItemProxy */ = {
			isa = PBXContainerItemProxy;
			containerPortal = 188DFDCC1954EDD700DFE009 /* Project object */;
			proxyType = 1;
			remoteGlobalIDString = 188DFDD31954EDD700DFE009;
			remoteInfo = TitQuadCalc2;
		};
/* End PBXContainerItemProxy section */

/* Begin PBXFileReference section */
		188DFDD41954EDD700DFE009 /* TitQuadCalc2.app */ = {isa = PBXFileReference; explicitFileType = wrapper.application; includeInIndex = 0; path = TitQuadCalc2.app; sourceTree = BUILT_PRODUCTS_DIR; };
		188DFDD81954EDD700DFE009 /* Info.plist */ = {isa = PBXFileReference; lastKnownFileType = text.plist.xml; path = Info.plist; sourceTree = "<group>"; };
		188DFDD91954EDD700DFE009 /* AppDelegate.swift */ = {isa = PBXFileReference; lastKnownFileType = sourcecode.swift; path = AppDelegate.swift; sourceTree = "<group>"; };
		188DFDDB1954EDD700DFE009 /* ViewController.swift */ = {isa = PBXFileReference; lastKnownFileType = sourcecode.swift; path = ViewController.swift; sourceTree = "<group>"; };
		188DFDDE1954EDD700DFE009 /* Base */ = {isa = PBXFileReference; lastKnownFileType = file.storyboard; name = Base; path = Base.lproj/Main.storyboard; sourceTree = "<group>"; };
		188DFDE01954EDD700DFE009 /* Images.xcassets */ = {isa = PBXFileReference; lastKnownFileType = folder.assetcatalog; path = Images.xcassets; sourceTree = "<group>"; };
		188DFDE61954EDD700DFE009 /* TitQuadCalc2Tests.xctest */ = {isa = PBXFileReference; explicitFileType = wrapper.cfbundle; includeInIndex = 0; path = TitQuadCalc2Tests.xctest; sourceTree = BUILT_PRODUCTS_DIR; };
		188DFDEB1954EDD700DFE009 /* Info.plist */ = {isa = PBXFileReference; lastKnownFileType = text.plist.xml; path = Info.plist; sourceTree = "<group>"; };
		188DFDEC1954EDD700DFE009 /* TitQuadCalc2Tests.swift */ = {isa = PBXFileReference; lastKnownFileType = sourcecode.swift; path = TitQuadCalc2Tests.swift; sourceTree = "<group>"; };
/* End PBXFileReference section */

/* Begin PBXFrameworksBuildPhase section */
		188DFDD11954EDD700DFE009 /* Frameworks */ = {
			isa = PBXFrameworksBuildPhase;
			buildActionMask = 2147483647;
			files = (
			);
			runOnlyForDeploymentPostprocessing = 0;
		};
		188DFDE31954EDD700DFE009 /* Frameworks */ = {
			isa = PBXFrameworksBuildPhase;
			buildActionMask = 2147483647;
			files = (
			);
			runOnlyForDeploymentPostprocessing = 0;
		};
/* End PBXFrameworksBuildPhase section */

/* Begin PBXGroup section */
		188DFDCB1954EDD700DFE009 = {
			isa = PBXGroup;
			children = (
				188DFDD61954EDD700DFE009 /* TitQuadCalc2 */,
				188DFDE91954EDD700DFE009 /* TitQuadCalc2Tests */,
				188DFDD51954EDD700DFE009 /* Products */,
			);
			sourceTree = "<group>";
		};
		188DFDD51954EDD700DFE009 /* Products */ = {
			isa = PBXGroup;
			children = (
				188DFDD41954EDD700DFE009 /* TitQuadCalc2.app */,
				188DFDE61954EDD700DFE009 /* TitQuadCalc2Tests.xctest */,
			);
			name = Products;
			sourceTree = "<group>";
		};
		188DFDD61954EDD700DFE009 /* TitQuadCalc2 */ = {
			isa = PBXGroup;
			children = (
				188DFDD91954EDD700DFE009 /* AppDelegate.swift */,
				188DFDDB1954EDD700DFE009 /* ViewController.swift */,
				188DFDDD1954EDD700DFE009 /* Main.storyboard */,
				188DFDE01954EDD700DFE009 /* Images.xcassets */,
				188DFDD71954EDD700DFE009 /* Supporting Files */,
			);
			path = TitQuadCalc2;
			sourceTree = "<group>";
		};
		188DFDD71954EDD700DFE009 /* Supporting Files */ = {
			isa = PBXGroup;
			children = (
				188DFDD81954EDD700DFE009 /* Info.plist */,
			);
			name = "Supporting Files";
			sourceTree = "<group>";
		};
		188DFDE91954EDD700DFE009 /* TitQuadCalc2Tests */ = {
			isa = PBXGroup;
			children = (
				188DFDEC1954EDD700DFE009 /* TitQuadCalc2Tests.swift */,
				188DFDEA1954EDD700DFE009 /* Supporting Files */,
			);
			path = TitQuadCalc2Tests;
			sourceTree = "<group>";
		};
		188DFDEA1954EDD700DFE009 /* Supporting Files */ = {
			isa = PBXGroup;
			children = (
				188DFDEB1954EDD700DFE009 /* Info.plist */,
			);
			name = "Supporting Files";
			sourceTree = "<group>";
		};
/* End PBXGroup section */

/* Begin PBXNativeTarget section */
		188DFDD31954EDD700DFE009 /* TitQuadCalc2 */ = {
			isa = PBXNativeTarget;
			buildConfigurationList = 188DFDF01954EDD700DFE009 /* Build configuration list for PBXNativeTarget "TitQuadCalc2" */;
			buildPhases = (
				188DFDD01954EDD700DFE009 /* Sources */,
				188DFDD11954EDD700DFE009 /* Frameworks */,
				188DFDD21954EDD700DFE009 /* Resources */,
			);
			buildRules = (
			);
			dependencies = (
			);
			name = TitQuadCalc2;
			productName = TitQuadCalc2;
			productReference = 188DFDD41954EDD700DFE009 /* TitQuadCalc2.app */;
			productType = "com.apple.product-type.application";
		};
		188DFDE51954EDD700DFE009 /* TitQuadCalc2Tests */ = {
			isa = PBXNativeTarget;
			buildConfigurationList = 188DFDF31954EDD700DFE009 /* Build configuration list for PBXNativeTarget "TitQuadCalc2Tests" */;
			buildPhases = (
				188DFDE21954EDD700DFE009 /* Sources */,
				188DFDE31954EDD700DFE009 /* Frameworks */,
				188DFDE41954EDD700DFE009 /* Resources */,
			);
			buildRules = (
			);
			dependencies = (
				188DFDE81954EDD700DFE009 /* PBXTargetDependency */,
			);
			name = TitQuadCalc2Tests;
			productName = TitQuadCalc2Tests;
			productReference = 188DFDE61954EDD700DFE009 /* TitQuadCalc2Tests.xctest */;
			productType = "com.apple.product-type.bundle.unit-test";
		};
/* End PBXNativeTarget section */

/* Begin PBXProject section */
		188DFDCC1954EDD700DFE009 /* Project object */ = {
			isa = PBXProject;
			attributes = {
				LastUpgradeCheck = 0600;
				ORGANIZATIONNAME = "Neel Drain";
				TargetAttributes = {
					188DFDD31954EDD700DFE009 = {
						CreatedOnToolsVersion = 6.0;
					};
					188DFDE51954EDD700DFE009 = {
						CreatedOnToolsVersion = 6.0;
						TestTargetID = 188DFDD31954EDD700DFE009;
					};
				};
			};
			buildConfigurationList = 188DFDCF1954EDD700DFE009 /* Build configuration list for PBXProject "TitQuadCalc2" */;
			compatibilityVersion = "Xcode 3.2";
			developmentRegion = English;
			hasScannedForEncodings = 0;
			knownRegions = (
				en,
				Base,
			);
			mainGroup = 188DFDCB1954EDD700DFE009;
			productRefGroup = 188DFDD51954EDD700DFE009 /* Products */;
			projectDirPath = "";
			projectRoot = "";
			targets = (
				188DFDD31954EDD700DFE009 /* TitQuadCalc2 */,
				188DFDE51954EDD700DFE009 /* TitQuadCalc2Tests */,
			);
		};
/* End PBXProject section */

/* Begin PBXResourcesBuildPhase section */
		188DFDD21954EDD700DFE009 /* Resources */ = {
			isa = PBXResourcesBuildPhase;
			buildActionMask = 2147483647;
			files = (
				188DFDDF1954EDD700DFE009 /* Main.storyboard in Resources */,
				188DFDE11954EDD700DFE009 /* Images.xcassets in Resources */,
			);
			runOnlyForDeploymentPostprocessing = 0;
		};
		188DFDE41954EDD700DFE009 /* Resources */ = {
			isa = PBXResourcesBuildPhase;
			buildActionMask = 2147483647;
			files = (
			);
			runOnlyForDeploymentPostprocessing = 0;
		};
/* End PBXResourcesBuildPhase section */

/* Begin PBXSourcesBuildPhase section */
		188DFDD01954EDD700DFE009 /* Sources */ = {
			isa = PBXSourcesBuildPhase;
			buildActionMask = 2147483647;
			files = (
				188DFDDC1954EDD700DFE009 /* ViewController.swift in Sources */,
				188DFDDA1954EDD700DFE009 /* AppDelegate.swift in Sources */,
			);
			runOnlyForDeploymentPostprocessing = 0;
		};
		188DFDE21954EDD700DFE009 /* Sources */ = {
			isa = PBXSourcesBuildPhase;
			buildActionMask = 2147483647;
			files = (
				188DFDED1954EDD700DFE009 /* TitQuadCalc2Tests.swift in Sources */,
			);
			runOnlyForDeploymentPostprocessing = 0;
		};
/* End PBXSourcesBuildPhase section */

/* Begin PBXTargetDependency section */
		188DFDE81954EDD700DFE009 /* PBXTargetDependency */ = {
			isa = PBXTargetDependency;
			target = 188DFDD31954EDD700DFE009 /* TitQuadCalc2 */;
			targetProxy = 188DFDE71954EDD700DFE009 /* PBXContainerItemProxy */;
		};
/* End PBXTargetDependency section */

/* Begin PBXVariantGroup section */
		188DFDDD1954EDD700DFE009 /* Main.storyboard */ = {
			isa = PBXVariantGroup;
			children = (
				188DFDDE1954EDD700DFE009 /* Base */,
			);
			name = Main.storyboard;
			sourceTree = "<group>";
		};
/* End PBXVariantGroup section */

/* Begin XCBuildConfiguration section */
		188DFDEE1954EDD700DFE009 /* Debug */ = {
			isa = XCBuildConfiguration;
			buildSettings = {
				ALWAYS_SEARCH_USER_PATHS = NO;
				CLANG_CXX_LANGUAGE_STANDARD = "gnu++0x";
				CLANG_CXX_LIBRARY = "libc++";
				CLANG_ENABLE_MODULES = YES;
				CLANG_ENABLE_OBJC_ARC = YES;
				CLANG_WARN_BOOL_CONVERSION = YES;
				CLANG_WARN_CONSTANT_CONVERSION = YES;
				CLANG_WARN_DIRECT_OBJC_ISA_USAGE = YES_ERROR;
				CLANG_WARN_EMPTY_BODY = YES;
				CLANG_WARN_ENUM_CONVERSION = YES;
				CLANG_WARN_INT_CONVERSION = YES;
				CLANG_WARN_OBJC_ROOT_CLASS = YES_ERROR;
				CLANG_WARN_UNREACHABLE_CODE = YES;
				CLANG_WARN__DUPLICATE_METHOD_MATCH = YES;
				"CODE_SIGN_IDENTITY[sdk=iphoneos*]" = "iPhone Developer";
				COPY_PHASE_STRIP = NO;
				ENABLE_STRICT_OBJC_MSGSEND = YES;
				GCC_C_LANGUAGE_STANDARD = gnu99;
				GCC_DYNAMIC_NO_PIC = NO;
				GCC_OPTIMIZATION_LEVEL = 0;
				GCC_PREPROCESSOR_DEFINITIONS = (
					"DEBUG=1",
					"$(inherited)",
				);
				GCC_SYMBOLS_PRIVATE_EXTERN = NO;
				GCC_WARN_64_TO_32_BIT_CONVERSION = YES;
				GCC_WARN_ABOUT_RETURN_TYPE = YES_ERROR;
				GCC_WARN_UNDECLARED_SELECTOR = YES;
				GCC_WARN_UNINITIALIZED_AUTOS = YES_AGGRESSIVE;
				GCC_WARN_UNUSED_FUNCTION = YES;
				GCC_WARN_UNUSED_VARIABLE = YES;
				IPHONEOS_DEPLOYMENT_TARGET = 8.0;
				METAL_ENABLE_DEBUG_INFO = YES;
				ONLY_ACTIVE_ARCH = YES;
				SDKROOT = iphoneos;
				SWIFT_OPTIMIZATION_LEVEL = "-Onone";
			};
			name = Debug;
		};
		188DFDEF1954EDD700DFE009 /* Release */ = {
			isa = XCBuildConfiguration;
			buildSettings = {
				ALWAYS_SEARCH_USER_PATHS = NO;
				CLANG_CXX_LANGUAGE_STANDARD = "gnu++0x";
				CLANG_CXX_LIBRARY = "libc++";
				CLANG_ENABLE_MODULES = YES;
				CLANG_ENABLE_OBJC_ARC = YES;
				CLANG_WARN_BOOL_CONVERSION = YES;
				CLANG_WARN_CONSTANT_CONVERSION = YES;
				CLANG_WARN_DIRECT_OBJC_ISA_USAGE = YES_ERROR;
				CLANG_WARN_EMPTY_BODY = YES;
				CLANG_WARN_ENUM_CONVERSION = YES;
				CLANG_WARN_INT_CONVERSION = YES;
				CLANG_WARN_OBJC_ROOT_CLASS = YES_ERROR;
				CLANG_WARN_UNREACHABLE_CODE = YES;
				CLANG_WARN__DUPLICATE_METHOD_MATCH = YES;
				"CODE_SIGN_IDENTITY[sdk=iphoneos*]" = "iPhone Developer";
				COPY_PHASE_STRIP = YES;
				ENABLE_NS_ASSERTIONS = NO;
				ENABLE_STRICT_OBJC_MSGSEND = YES;
				GCC_C_LANGUAGE_STANDARD = gnu99;
				GCC_WARN_64_TO_32_BIT_CONVERSION = YES;
				GCC_WARN_ABOUT_RETURN_TYPE = YES_ERROR;
				GCC_WARN_UNDECLARED_SELECTOR = YES;
				GCC_WARN_UNINITIALIZED_AUTOS = YES_AGGRESSIVE;
				GCC_WARN_UNUSED_FUNCTION = YES;
				GCC_WARN_UNUSED_VARIABLE = YES;
				IPHONEOS_DEPLOYMENT_TARGET = 8.0;
				METAL_ENABLE_DEBUG_INFO = NO;
				SDKROOT = iphoneos;
				VALIDATE_PRODUCT = YES;
			};
			name = Release;
		};
		188DFDF11954EDD700DFE009 /* Debug */ = {
			isa = XCBuildConfiguration;
			buildSettings = {
				ASSETCATALOG_COMPILER_APPICON_NAME = AppIcon;
				ASSETCATALOG_COMPILER_LAUNCHIMAGE_NAME = LaunchImage;
				INFOPLIST_FILE = TitQuadCalc2/Info.plist;
				LD_RUNPATH_SEARCH_PATHS = "$(inherited) @executable_path/Frameworks";
				PRODUCT_NAME = "$(TARGET_NAME)";
			};
			name = Debug;
		};
		188DFDF21954EDD700DFE009 /* Release */ = {
			isa = XCBuildConfiguration;
			buildSettings = {
				ASSETCATALOG_COMPILER_APPICON_NAME = AppIcon;
				ASSETCATALOG_COMPILER_LAUNCHIMAGE_NAME = LaunchImage;
				INFOPLIST_FILE = TitQuadCalc2/Info.plist;
				LD_RUNPATH_SEARCH_PATHS = "$(inherited) @executable_path/Frameworks";
				PRODUCT_NAME = "$(TARGET_NAME)";
			};
			name = Release;
		};
		188DFDF41954EDD700DFE009 /* Debug */ = {
			isa = XCBuildConfiguration;
			buildSettings = {
				BUNDLE_LOADER = "$(BUILT_PRODUCTS_DIR)/TitQuadCalc2.app/TitQuadCalc2";
				FRAMEWORK_SEARCH_PATHS = (
					"$(SDKROOT)/Developer/Library/Frameworks",
					"$(inherited)",
				);
				GCC_PREPROCESSOR_DEFINITIONS = (
					"DEBUG=1",
					"$(inherited)",
				);
				INFOPLIST_FILE = TitQuadCalc2Tests/Info.plist;
				LD_RUNPATH_SEARCH_PATHS = "$(inherited) @executable_path/Frameworks @loader_path/Frameworks";
				METAL_ENABLE_DEBUG_INFO = YES;
				PRODUCT_NAME = "$(TARGET_NAME)";
				TEST_HOST = "$(BUNDLE_LOADER)";
			};
			name = Debug;
		};
		188DFDF51954EDD700DFE009 /* Release */ = {
			isa = XCBuildConfiguration;
			buildSettings = {
				BUNDLE_LOADER = "$(BUILT_PRODUCTS_DIR)/TitQuadCalc2.app/TitQuadCalc2";
				FRAMEWORK_SEARCH_PATHS = (
					"$(SDKROOT)/Developer/Library/Frameworks",
					"$(inherited)",
				);
				INFOPLIST_FILE = TitQuadCalc2Tests/Info.plist;
				LD_RUNPATH_SEARCH_PATHS = "$(inherited) @executable_path/Frameworks @loader_path/Frameworks";
				METAL_ENABLE_DEBUG_INFO = NO;
				PRODUCT_NAME = "$(TARGET_NAME)";
				TEST_HOST = "$(BUNDLE_LOADER)";
			};
			name = Release;
		};
/* End XCBuildConfiguration section */

/* Begin XCConfigurationList section */
		188DFDCF1954EDD700DFE009 /* Build configuration list for PBXProject "TitQuadCalc2" */ = {
			isa = XCConfigurationList;
			buildConfigurations = (
				188DFDEE1954EDD700DFE009 /* Debug */,
				188DFDEF1954EDD700DFE009 /* Release */,
			);
			defaultConfigurationIsVisible = 0;
			defaultConfigurationName = Release;
		};
		188DFDF01954EDD700DFE009 /* Build configuration list for PBXNativeTarget "TitQuadCalc2" */ = {
			isa = XCConfigurationList;
			buildConfigurations = (
				188DFDF11954EDD700DFE009 /* Debug */,
				188DFDF21954EDD700DFE009 /* Release */,
			);
			defaultConfigurationIsVisible = 0;
		};
		188DFDF31954EDD700DFE009 /* Build configuration list for PBXNativeTarget "TitQuadCalc2Tests" */ = {
			isa = XCConfigurationList;
			buildConfigurations = (
				188DFDF41954EDD700DFE009 /* Debug */,
				188DFDF51954EDD700DFE009 /* Release */,
			);
			defaultConfigurationIsVisible = 0;
		};
/* End XCConfigurationList section */
	};
	rootObject = 188DFDCC1954EDD700DFE009 /* Project object */;
}
